
Microsoft Visual Studio Solution File, Format Version 12.00
# Visual Studio Version 16
VisualStudioVersion = 16.0.31112.23
MinimumVisualStudioVersion = 10.0.40219.1
Project("{FAE04EC0-301F-11D3-BF4B-00C04F79EFBC}") = "quotifier", "quotifier\quotifier.csproj", "{28DF18B9-834C-4296-BFAF-41177BA5ADC8}"
EndProject
Global
	GlobalSection(SolutionConfigurationPlatforms) = preSolution
		Debug|Any CPU = Debug|Any CPU
		Release|Any CPU = Release|Any CPU
	EndGlobalSection
	GlobalSection(ProjectConfigurationPlatforms) = postSolution
		{28DF18B9-834C-4296-BFAF-41177BA5ADC8}.Debug|Any CPU.ActiveCfg = Debug|Any CPU
		{28DF18B9-834C-4296-BFAF-41177BA5ADC8}.Debug|Any CPU.Build.0 = Debug|Any CPU
		{28DF18B9-834C-4296-BFAF-41177BA5ADC8}.Release|Any CPU.ActiveCfg = Release|Any CPU
		{28DF18B9-834C-4296-BFAF-41177BA5ADC8}.Release|Any CPU.Build.0 = Release|Any CPU
	EndGlobalSection
	GlobalSection(SolutionProperties) = preSolution
		HideSolutionNode = FALSE
	EndGlobalSection
	GlobalSection(ExtensibilityGlobals) = postSolution
		SolutionGuid = {13A8DF92-ACEB-4487-8350-83D488CFE13B}
	EndGlobalSection
EndGlobal
